
Microsoft Visual Studio Solution File, Format Version 12.00
# Visual Studio Version 17
VisualStudioVersion = 17.13.35825.156 d17.13
MinimumVisualStudioVersion = 10.0.40219.1
Project("{FAE04EC0-301F-11D3-BF4B-00C04F79EFBC}") = "SimpleFormsAppWithListBox", "SimpleFormsAppWithListBox\SimpleFormsAppWithListBox.csproj", "{FD69EAC4-9063-4D3A-835A-7E3B70C61879}"
EndProject
Global
	GlobalSection(SolutionConfigurationPlatforms) = preSolution
		Debug|Any CPU = Debug|Any CPU
		Release|Any CPU = Release|Any CPU
	EndGlobalSection
	GlobalSection(ProjectConfigurationPlatforms) = postSolution
		{FD69EAC4-9063-4D3A-835A-7E3B70C61879}.Debug|Any CPU.ActiveCfg = Debug|Any CPU
		{FD69EAC4-9063-4D3A-835A-7E3B70C61879}.Debug|Any CPU.Build.0 = Debug|Any CPU
		{FD69EAC4-9063-4D3A-835A-7E3B70C61879}.Release|Any CPU.ActiveCfg = Release|Any CPU
		{FD69EAC4-9063-4D3A-835A-7E3B70C61879}.Release|Any CPU.Build.0 = Release|Any CPU
	EndGlobalSection
	GlobalSection(SolutionProperties) = preSolution
		HideSolutionNode = FALSE
	EndGlobalSection
	GlobalSection(ExtensibilityGlobals) = postSolution
		SolutionGuid = {47FF7CB6-30AA-4F4C-A91B-B153715C9AC6}
	EndGlobalSection
EndGlobal
