
Microsoft Visual Studio Solution File, Format Version 12.00
# Visual Studio Version 17
VisualStudioVersion = 17.13.35825.156 d17.13
MinimumVisualStudioVersion = 10.0.40219.1
Project("{FAE04EC0-301F-11D3-BF4B-00C04F79EFBC}") = "SimpleFormsAppWithComboBox", "SimpleFormsAppWithComboBox\SimpleFormsAppWithComboBox.csproj", "{1B4A053F-FD0C-4CB5-B4AF-50C21A186FDF}"
EndProject
Global
	GlobalSection(SolutionConfigurationPlatforms) = preSolution
		Debug|Any CPU = Debug|Any CPU
		Release|Any CPU = Release|Any CPU
	EndGlobalSection
	GlobalSection(ProjectConfigurationPlatforms) = postSolution
		{1B4A053F-FD0C-4CB5-B4AF-50C21A186FDF}.Debug|Any CPU.ActiveCfg = Debug|Any CPU
		{1B4A053F-FD0C-4CB5-B4AF-50C21A186FDF}.Debug|Any CPU.Build.0 = Debug|Any CPU
		{1B4A053F-FD0C-4CB5-B4AF-50C21A186FDF}.Release|Any CPU.ActiveCfg = Release|Any CPU
		{1B4A053F-FD0C-4CB5-B4AF-50C21A186FDF}.Release|Any CPU.Build.0 = Release|Any CPU
	EndGlobalSection
	GlobalSection(SolutionProperties) = preSolution
		HideSolutionNode = FALSE
	EndGlobalSection
	GlobalSection(ExtensibilityGlobals) = postSolution
		SolutionGuid = {3C22D844-ED55-46F7-A821-EF995E86B89C}
	EndGlobalSection
EndGlobal
